
Microsoft Visual Studio Solution File, Format Version 12.00
# Visual Studio Version 17
VisualStudioVersion = 17.2.32630.192
MinimumVisualStudioVersion = 10.0.40219.1
Project("{FAE04EC0-301F-11D3-BF4B-00C04F79EFBC}") = "App2.Android", "App2\App2.Android\App2.Android.csproj", "{375CB388-72FB-475D-B15E-DF565DAE759A}"
EndProject
Project("{FAE04EC0-301F-11D3-BF4B-00C04F79EFBC}") = "App2", "App2\App2\App2.csproj", "{50E605B7-01C6-4240-9224-D30BD5171DD5}"
EndProject
Global
	GlobalSection(SolutionConfigurationPlatforms) = preSolution
		Debug|Any CPU = Debug|Any CPU
		Release|Any CPU = Release|Any CPU
	EndGlobalSection
	GlobalSection(ProjectConfigurationPlatforms) = postSolution
		{375CB388-72FB-475D-B15E-DF565DAE759A}.Debug|Any CPU.ActiveCfg = Debug|Any CPU
		{375CB388-72FB-475D-B15E-DF565DAE759A}.Debug|Any CPU.Build.0 = Debug|Any CPU
		{375CB388-72FB-475D-B15E-DF565DAE759A}.Debug|Any CPU.Deploy.0 = Debug|Any CPU
		{375CB388-72FB-475D-B15E-DF565DAE759A}.Release|Any CPU.ActiveCfg = Release|Any CPU
		{375CB388-72FB-475D-B15E-DF565DAE759A}.Release|Any CPU.Build.0 = Release|Any CPU
		{375CB388-72FB-475D-B15E-DF565DAE759A}.Release|Any CPU.Deploy.0 = Release|Any CPU
		{50E605B7-01C6-4240-9224-D30BD5171DD5}.Debug|Any CPU.ActiveCfg = Debug|Any CPU
		{50E605B7-01C6-4240-9224-D30BD5171DD5}.Debug|Any CPU.Build.0 = Debug|Any CPU
		{50E605B7-01C6-4240-9224-D30BD5171DD5}.Debug|Any CPU.Deploy.0 = Debug|Any CPU
		{50E605B7-01C6-4240-9224-D30BD5171DD5}.Release|Any CPU.ActiveCfg = Release|Any CPU
		{50E605B7-01C6-4240-9224-D30BD5171DD5}.Release|Any CPU.Build.0 = Release|Any CPU
		{50E605B7-01C6-4240-9224-D30BD5171DD5}.Release|Any CPU.Deploy.0 = Release|Any CPU
	EndGlobalSection
	GlobalSection(SolutionProperties) = preSolution
		HideSolutionNode = FALSE
	EndGlobalSection
	GlobalSection(ExtensibilityGlobals) = postSolution
		SolutionGuid = {0D03E094-561F-4A28-BF29-A704F2456F4B}
	EndGlobalSection
EndGlobal
